
Microsoft Visual Studio Solution File, Format Version 12.00
# Visual Studio Version 16
VisualStudioVersion = 16.0.29201.188
MinimumVisualStudioVersion = 10.0.40219.1
Project("{9A19103F-16F7-4668-BE54-9A1E7A4F7556}") = "DBPro", "DBPro\DBPro.csproj", "{804A5915-5770-4B62-AF13-E10AE65B5901}"
EndProject
Project("{9A19103F-16F7-4668-BE54-9A1E7A4F7556}") = "TestingApp", "TestingApp\TestingApp.csproj", "{BA852BCE-1638-464A-9DBB-47E5ABE48BEF}"
EndProject
Project("{FAE04EC0-301F-11D3-BF4B-00C04F79EFBC}") = "TestingAppCore", "TestingAppCore\TestingAppCore.csproj", "{FC2982B1-F4B5-443E-BDF6-FF5326E498E8}"
	ProjectSection(ProjectDependencies) = postProject
		{804A5915-5770-4B62-AF13-E10AE65B5901} = {804A5915-5770-4B62-AF13-E10AE65B5901}
	EndProjectSection
EndProject
Global
	GlobalSection(SolutionConfigurationPlatforms) = preSolution
		Debug|Any CPU = Debug|Any CPU
		Release_35|Any CPU = Release_35|Any CPU
		Release_40_EF6|Any CPU = Release_40_EF6|Any CPU
		Release_40|Any CPU = Release_40|Any CPU
		Release_45_EF6|Any CPU = Release_45_EF6|Any CPU
		Release_45|Any CPU = Release_45|Any CPU
		Release_Mono_w_Linux|Any CPU = Release_Mono_w_Linux|Any CPU
		Release|Any CPU = Release|Any CPU
	EndGlobalSection
	GlobalSection(ProjectConfigurationPlatforms) = postSolution
		{804A5915-5770-4B62-AF13-E10AE65B5901}.Debug|Any CPU.ActiveCfg = Debug|Any CPU
		{804A5915-5770-4B62-AF13-E10AE65B5901}.Debug|Any CPU.Build.0 = Debug|Any CPU
		{804A5915-5770-4B62-AF13-E10AE65B5901}.Release_35|Any CPU.ActiveCfg = Release|Any CPU
		{804A5915-5770-4B62-AF13-E10AE65B5901}.Release_35|Any CPU.Build.0 = Release|Any CPU
		{804A5915-5770-4B62-AF13-E10AE65B5901}.Release_40_EF6|Any CPU.ActiveCfg = Release|Any CPU
		{804A5915-5770-4B62-AF13-E10AE65B5901}.Release_40_EF6|Any CPU.Build.0 = Release|Any CPU
		{804A5915-5770-4B62-AF13-E10AE65B5901}.Release_40|Any CPU.ActiveCfg = Release|Any CPU
		{804A5915-5770-4B62-AF13-E10AE65B5901}.Release_40|Any CPU.Build.0 = Release|Any CPU
		{804A5915-5770-4B62-AF13-E10AE65B5901}.Release_45_EF6|Any CPU.ActiveCfg = Release|Any CPU
		{804A5915-5770-4B62-AF13-E10AE65B5901}.Release_45_EF6|Any CPU.Build.0 = Release|Any CPU
		{804A5915-5770-4B62-AF13-E10AE65B5901}.Release_45|Any CPU.ActiveCfg = Release|Any CPU
		{804A5915-5770-4B62-AF13-E10AE65B5901}.Release_45|Any CPU.Build.0 = Release|Any CPU
		{804A5915-5770-4B62-AF13-E10AE65B5901}.Release_Mono_w_Linux|Any CPU.ActiveCfg = Release|Any CPU
		{804A5915-5770-4B62-AF13-E10AE65B5901}.Release_Mono_w_Linux|Any CPU.Build.0 = Release|Any CPU
		{804A5915-5770-4B62-AF13-E10AE65B5901}.Release|Any CPU.ActiveCfg = Release|Any CPU
		{804A5915-5770-4B62-AF13-E10AE65B5901}.Release|Any CPU.Build.0 = Release|Any CPU
		{BA852BCE-1638-464A-9DBB-47E5ABE48BEF}.Debug|Any CPU.ActiveCfg = Debug|Any CPU
		{BA852BCE-1638-464A-9DBB-47E5ABE48BEF}.Debug|Any CPU.Build.0 = Debug|Any CPU
		{BA852BCE-1638-464A-9DBB-47E5ABE48BEF}.Release_35|Any CPU.ActiveCfg = Release|Any CPU
		{BA852BCE-1638-464A-9DBB-47E5ABE48BEF}.Release_35|Any CPU.Build.0 = Release|Any CPU
		{BA852BCE-1638-464A-9DBB-47E5ABE48BEF}.Release_40_EF6|Any CPU.ActiveCfg = Release|Any CPU
		{BA852BCE-1638-464A-9DBB-47E5ABE48BEF}.Release_40_EF6|Any CPU.Build.0 = Release|Any CPU
		{BA852BCE-1638-464A-9DBB-47E5ABE48BEF}.Release_40|Any CPU.ActiveCfg = Release|Any CPU
		{BA852BCE-1638-464A-9DBB-47E5ABE48BEF}.Release_40|Any CPU.Build.0 = Release|Any CPU
		{BA852BCE-1638-464A-9DBB-47E5ABE48BEF}.Release_45_EF6|Any CPU.ActiveCfg = Release|Any CPU
		{BA852BCE-1638-464A-9DBB-47E5ABE48BEF}.Release_45_EF6|Any CPU.Build.0 = Release|Any CPU
		{BA852BCE-1638-464A-9DBB-47E5ABE48BEF}.Release_45|Any CPU.ActiveCfg = Release|Any CPU
		{BA852BCE-1638-464A-9DBB-47E5ABE48BEF}.Release_45|Any CPU.Build.0 = Release|Any CPU
		{BA852BCE-1638-464A-9DBB-47E5ABE48BEF}.Release_Mono_w_Linux|Any CPU.ActiveCfg = Release|Any CPU
		{BA852BCE-1638-464A-9DBB-47E5ABE48BEF}.Release_Mono_w_Linux|Any CPU.Build.0 = Release|Any CPU
		{BA852BCE-1638-464A-9DBB-47E5ABE48BEF}.Release|Any CPU.ActiveCfg = Release|Any CPU
		{BA852BCE-1638-464A-9DBB-47E5ABE48BEF}.Release|Any CPU.Build.0 = Release|Any CPU
		{FC2982B1-F4B5-443E-BDF6-FF5326E498E8}.Debug|Any CPU.ActiveCfg = Debug|Any CPU
		{FC2982B1-F4B5-443E-BDF6-FF5326E498E8}.Debug|Any CPU.Build.0 = Debug|Any CPU
		{FC2982B1-F4B5-443E-BDF6-FF5326E498E8}.Release_35|Any CPU.ActiveCfg = Release|Any CPU
		{FC2982B1-F4B5-443E-BDF6-FF5326E498E8}.Release_35|Any CPU.Build.0 = Release|Any CPU
		{FC2982B1-F4B5-443E-BDF6-FF5326E498E8}.Release_40_EF6|Any CPU.ActiveCfg = Release|Any CPU
		{FC2982B1-F4B5-443E-BDF6-FF5326E498E8}.Release_40_EF6|Any CPU.Build.0 = Release|Any CPU
		{FC2982B1-F4B5-443E-BDF6-FF5326E498E8}.Release_40|Any CPU.ActiveCfg = Release|Any CPU
		{FC2982B1-F4B5-443E-BDF6-FF5326E498E8}.Release_40|Any CPU.Build.0 = Release|Any CPU
		{FC2982B1-F4B5-443E-BDF6-FF5326E498E8}.Release_45_EF6|Any CPU.ActiveCfg = Release|Any CPU
		{FC2982B1-F4B5-443E-BDF6-FF5326E498E8}.Release_45_EF6|Any CPU.Build.0 = Release|Any CPU
		{FC2982B1-F4B5-443E-BDF6-FF5326E498E8}.Release_45|Any CPU.ActiveCfg = Release|Any CPU
		{FC2982B1-F4B5-443E-BDF6-FF5326E498E8}.Release_45|Any CPU.Build.0 = Release|Any CPU
		{FC2982B1-F4B5-443E-BDF6-FF5326E498E8}.Release_Mono_w_Linux|Any CPU.ActiveCfg = Release|Any CPU
		{FC2982B1-F4B5-443E-BDF6-FF5326E498E8}.Release_Mono_w_Linux|Any CPU.Build.0 = Release|Any CPU
		{FC2982B1-F4B5-443E-BDF6-FF5326E498E8}.Release|Any CPU.ActiveCfg = Release|Any CPU
		{FC2982B1-F4B5-443E-BDF6-FF5326E498E8}.Release|Any CPU.Build.0 = Release|Any CPU
	EndGlobalSection
	GlobalSection(SolutionProperties) = preSolution
		HideSolutionNode = FALSE
	EndGlobalSection
	GlobalSection(ExtensibilityGlobals) = postSolution
		SolutionGuid = {0F7FE264-EDC6-4637-944A-A66894ABC0F0}
	EndGlobalSection
EndGlobal
