
Microsoft Visual Studio Solution File, Format Version 9.00
# Visual Studio 2005
# SharpDevelop 2.2.1.2648
Project("{FAE04EC0-301F-11D3-BF4B-00C04F79EFBC}") = "DBPro", "DBPro\DBPro.csproj", "{804A5915-5770-4B62-AF13-E10AE65B5901}"
	ProjectSection(ProjectDependencies) = postProject
	EndProjectSection
EndProject
Project("{FAE04EC0-301F-11D3-BF4B-00C04F79EFBC}") = "TestingApp", "TestingApp\TestingApp.csproj", "{BA852BCE-1638-464A-9DBB-47E5ABE48BEF}"
	ProjectSection(ProjectDependencies) = postProject
	EndProjectSection
EndProject
Global
	GlobalSection(SolutionConfigurationPlatforms) = preSolution
		Debug|Any CPU = Debug|Any CPU
		Release|Any CPU = Release|Any CPU
	EndGlobalSection
	GlobalSection(ProjectDependencies) = postSolution
	EndGlobalSection
	GlobalSection(ExtensibilityGlobals) = postSolution
	EndGlobalSection
	GlobalSection(ExtensibilityAddIns) = postSolution
	EndGlobalSection
	GlobalSection(ProjectConfigurationPlatforms) = postSolution
		{804A5915-5770-4B62-AF13-E10AE65B5901}.Debug|Any CPU.ActiveCfg = Debug|Any CPU
		{804A5915-5770-4B62-AF13-E10AE65B5901}.Debug|Any CPU.Build.0 = Debug|Any CPU
		{804A5915-5770-4B62-AF13-E10AE65B5901}.Release|Any CPU.ActiveCfg = Release|Any CPU
		{804A5915-5770-4B62-AF13-E10AE65B5901}.Release|Any CPU.Build.0 = Release|Any CPU
		{BA852BCE-1638-464A-9DBB-47E5ABE48BEF}.Debug|Any CPU.ActiveCfg = Debug|Any CPU
		{BA852BCE-1638-464A-9DBB-47E5ABE48BEF}.Debug|Any CPU.Build.0 = Debug|Any CPU
		{BA852BCE-1638-464A-9DBB-47E5ABE48BEF}.Release|Any CPU.ActiveCfg = Release|Any CPU
		{BA852BCE-1638-464A-9DBB-47E5ABE48BEF}.Release|Any CPU.Build.0 = Release|Any CPU
	EndGlobalSection
EndGlobal
